
Microsoft Visual Studio Solution File, Format Version 12.00
# Visual Studio Version 16
VisualStudioVersion = 16.0.31605.320
MinimumVisualStudioVersion = 10.0.40219.1
Project("{9A19103F-16F7-4668-BE54-9A1E7A4F7556}") = "CKK.Logic", "CKK.Logic\CKK.Logic.csproj", "{2272ABD6-92B5-4BAD-AF4C-2050F78D0D38}"
EndProject
Project("{9A19103F-16F7-4668-BE54-9A1E7A4F7556}") = "CKK", "..\..\..\Downloads\CKK-1\CKK\CKK.csproj", "{FB589E6B-F257-44E4-A9B0-2769F0296041}"
EndProject
Project("{FAE04EC0-301F-11D3-BF4B-00C04F79EFBC}") = "CCK.tests", "CCK.tests\CCK.tests.csproj", "{73E80143-688F-4E83-9BD3-D5AD44C22B51}"
EndProject
Global
	GlobalSection(SolutionConfigurationPlatforms) = preSolution
		Debug|Any CPU = Debug|Any CPU
		Release|Any CPU = Release|Any CPU
	EndGlobalSection
	GlobalSection(ProjectConfigurationPlatforms) = postSolution
		{2272ABD6-92B5-4BAD-AF4C-2050F78D0D38}.Debug|Any CPU.ActiveCfg = Debug|Any CPU
		{2272ABD6-92B5-4BAD-AF4C-2050F78D0D38}.Debug|Any CPU.Build.0 = Debug|Any CPU
		{2272ABD6-92B5-4BAD-AF4C-2050F78D0D38}.Release|Any CPU.ActiveCfg = Release|Any CPU
		{2272ABD6-92B5-4BAD-AF4C-2050F78D0D38}.Release|Any CPU.Build.0 = Release|Any CPU
		{FB589E6B-F257-44E4-A9B0-2769F0296041}.Debug|Any CPU.ActiveCfg = Debug|Any CPU
		{FB589E6B-F257-44E4-A9B0-2769F0296041}.Debug|Any CPU.Build.0 = Debug|Any CPU
		{FB589E6B-F257-44E4-A9B0-2769F0296041}.Release|Any CPU.ActiveCfg = Release|Any CPU
		{FB589E6B-F257-44E4-A9B0-2769F0296041}.Release|Any CPU.Build.0 = Release|Any CPU
		{73E80143-688F-4E83-9BD3-D5AD44C22B51}.Debug|Any CPU.ActiveCfg = Debug|Any CPU
		{73E80143-688F-4E83-9BD3-D5AD44C22B51}.Debug|Any CPU.Build.0 = Debug|Any CPU
		{73E80143-688F-4E83-9BD3-D5AD44C22B51}.Release|Any CPU.ActiveCfg = Release|Any CPU
		{73E80143-688F-4E83-9BD3-D5AD44C22B51}.Release|Any CPU.Build.0 = Release|Any CPU
	EndGlobalSection
	GlobalSection(SolutionProperties) = preSolution
		HideSolutionNode = FALSE
	EndGlobalSection
	GlobalSection(ExtensibilityGlobals) = postSolution
		SolutionGuid = {FFE8D52A-56F5-4773-89C0-D68E85A638D8}
	EndGlobalSection
EndGlobal
